// !$*UTF8*$!
{
	archiveVersion = 1;
	classes = {
	};
	objectVersion = 54;
	objects = {

/* Begin PBXBuildFile section */
		8D453ED824F01202009BAB30 /* PathFinder.swift in Sources */ = {isa = PBXBuildFile; fileRef = 8D453ED724F01202009BAB30 /* PathFinder.swift */; };
		8D453ED924F01202009BAB30 /* PathFinder.swift in Sources */ = {isa = PBXBuildFile; fileRef = 8D453ED724F01202009BAB30 /* PathFinder.swift */; };
		8D453EDA24F01202009BAB30 /* PathFinder.swift in Sources */ = {isa = PBXBuildFile; fileRef = 8D453ED724F01202009BAB30 /* PathFinder.swift */; };
		8D453EE024F27FB9009BAB30 /* Tile.swift in Sources */ = {isa = PBXBuildFile; fileRef = 8D453EDF24F27FB9009BAB30 /* Tile.swift */; };
		8D453EE124F27FB9009BAB30 /* Tile.swift in Sources */ = {isa = PBXBuildFile; fileRef = 8D453EDF24F27FB9009BAB30 /* Tile.swift */; };
		8D453EE224F27FB9009BAB30 /* Tile.swift in Sources */ = {isa = PBXBuildFile; fileRef = 8D453EDF24F27FB9009BAB30 /* Tile.swift */; };
		8D453EE524F29BC0009BAB30 /* stage_theme.mp3 in Resources */ = {isa = PBXBuildFile; fileRef = 8D453EE324F29BBF009BAB30 /* stage_theme.mp3 */; };
		8D453EE624F29BC0009BAB30 /* stage_theme.mp3 in Resources */ = {isa = PBXBuildFile; fileRef = 8D453EE324F29BBF009BAB30 /* stage_theme.mp3 */; };
		8D453EE724F29BC0009BAB30 /* stage_theme.mp3 in Resources */ = {isa = PBXBuildFile; fileRef = 8D453EE324F29BBF009BAB30 /* stage_theme.mp3 */; };
		8D453EEC24F29DFD009BAB30 /* stage_start.m4a in Resources */ = {isa = PBXBuildFile; fileRef = 8D453EEB24F29DFC009BAB30 /* stage_start.m4a */; };
		8D453EED24F29DFD009BAB30 /* stage_start.m4a in Resources */ = {isa = PBXBuildFile; fileRef = 8D453EEB24F29DFC009BAB30 /* stage_start.m4a */; };
		8D453EEE24F29DFD009BAB30 /* stage_start.m4a in Resources */ = {isa = PBXBuildFile; fileRef = 8D453EEB24F29DFC009BAB30 /* stage_start.m4a */; };
		8D453EF124F2B0BD009BAB30 /* life_lost.m4a in Resources */ = {isa = PBXBuildFile; fileRef = 8D453EEF24F2B0BD009BAB30 /* life_lost.m4a */; };
		8D453EF224F2B0BD009BAB30 /* life_lost.m4a in Resources */ = {isa = PBXBuildFile; fileRef = 8D453EEF24F2B0BD009BAB30 /* life_lost.m4a */; };
		8D453EF324F2B0BD009BAB30 /* life_lost.m4a in Resources */ = {isa = PBXBuildFile; fileRef = 8D453EEF24F2B0BD009BAB30 /* life_lost.m4a */; };
		8D453EF424F2B0BD009BAB30 /* game_over.mp3 in Resources */ = {isa = PBXBuildFile; fileRef = 8D453EF024F2B0BD009BAB30 /* game_over.mp3 */; };
		8D453EF524F2B0BD009BAB30 /* game_over.mp3 in Resources */ = {isa = PBXBuildFile; fileRef = 8D453EF024F2B0BD009BAB30 /* game_over.mp3 */; };
		8D453EF624F2B0BD009BAB30 /* game_over.mp3 in Resources */ = {isa = PBXBuildFile; fileRef = 8D453EF024F2B0BD009BAB30 /* game_over.mp3 */; };
		8D453F0924F2CB9D009BAB30 /* powerup.wav in Resources */ = {isa = PBXBuildFile; fileRef = 8D453F0724F2CB9D009BAB30 /* powerup.wav */; };
		8D453F0A24F2CB9D009BAB30 /* powerup.wav in Resources */ = {isa = PBXBuildFile; fileRef = 8D453F0724F2CB9D009BAB30 /* powerup.wav */; };
		8D453F0B24F2CB9D009BAB30 /* powerup.wav in Resources */ = {isa = PBXBuildFile; fileRef = 8D453F0724F2CB9D009BAB30 /* powerup.wav */; };
		8D453F0C24F2CB9D009BAB30 /* all_enemies_dead.wav in Resources */ = {isa = PBXBuildFile; fileRef = 8D453F0824F2CB9D009BAB30 /* all_enemies_dead.wav */; };
		8D453F0D24F2CB9D009BAB30 /* all_enemies_dead.wav in Resources */ = {isa = PBXBuildFile; fileRef = 8D453F0824F2CB9D009BAB30 /* all_enemies_dead.wav */; };
		8D453F0E24F2CB9D009BAB30 /* all_enemies_dead.wav in Resources */ = {isa = PBXBuildFile; fileRef = 8D453F0824F2CB9D009BAB30 /* all_enemies_dead.wav */; };
		8D453F1024F2CBBF009BAB30 /* music_after_powerup.mp3 in Resources */ = {isa = PBXBuildFile; fileRef = 8D453F0F24F2CBBF009BAB30 /* music_after_powerup.mp3 */; };
		8D453F1124F2CBBF009BAB30 /* music_after_powerup.mp3 in Resources */ = {isa = PBXBuildFile; fileRef = 8D453F0F24F2CBBF009BAB30 /* music_after_powerup.mp3 */; };
		8D453F1224F2CBBF009BAB30 /* music_after_powerup.mp3 in Resources */ = {isa = PBXBuildFile; fileRef = 8D453F0F24F2CBBF009BAB30 /* music_after_powerup.mp3 */; };
		8D453F1424F2D0A3009BAB30 /* place_bomb.wav in Resources */ = {isa = PBXBuildFile; fileRef = 8D453F1324F2D0A3009BAB30 /* place_bomb.wav */; };
		8D453F1524F2D0A3009BAB30 /* place_bomb.wav in Resources */ = {isa = PBXBuildFile; fileRef = 8D453F1324F2D0A3009BAB30 /* place_bomb.wav */; };
		8D453F1624F2D0A3009BAB30 /* place_bomb.wav in Resources */ = {isa = PBXBuildFile; fileRef = 8D453F1324F2D0A3009BAB30 /* place_bomb.wav */; };
		8D453F1824F2D0B6009BAB30 /* player_death.wav in Resources */ = {isa = PBXBuildFile; fileRef = 8D453F1724F2D0B6009BAB30 /* player_death.wav */; };
		8D453F1924F2D0B6009BAB30 /* player_death.wav in Resources */ = {isa = PBXBuildFile; fileRef = 8D453F1724F2D0B6009BAB30 /* player_death.wav */; };
		8D453F1A24F2D0B6009BAB30 /* player_death.wav in Resources */ = {isa = PBXBuildFile; fileRef = 8D453F1724F2D0B6009BAB30 /* player_death.wav */; };
		8D81134C24C09A430036D336 /* AppDelegate.swift in Sources */ = {isa = PBXBuildFile; fileRef = 8D81134B24C09A430036D336 /* AppDelegate.swift */; };
		8D81134E24C09A430036D336 /* GameViewController.swift in Sources */ = {isa = PBXBuildFile; fileRef = 8D81134D24C09A430036D336 /* GameViewController.swift */; };
		8D81135124C09A430036D336 /* Main.storyboard in Resources */ = {isa = PBXBuildFile; fileRef = 8D81134F24C09A430036D336 /* Main.storyboard */; };
		8D81135424C09A430036D336 /* LaunchScreen.storyboard in Resources */ = {isa = PBXBuildFile; fileRef = 8D81135224C09A430036D336 /* LaunchScreen.storyboard */; };
		8D81135D24C09A430036D336 /* AppDelegate.swift in Sources */ = {isa = PBXBuildFile; fileRef = 8D81135C24C09A430036D336 /* AppDelegate.swift */; };
		8D81135F24C09A430036D336 /* GameViewController.swift in Sources */ = {isa = PBXBuildFile; fileRef = 8D81135E24C09A430036D336 /* GameViewController.swift */; };
		8D81136224C09A430036D336 /* Main.storyboard in Resources */ = {isa = PBXBuildFile; fileRef = 8D81136024C09A430036D336 /* Main.storyboard */; };
		8D81136524C09A430036D336 /* LaunchScreen.storyboard in Resources */ = {isa = PBXBuildFile; fileRef = 8D81136324C09A430036D336 /* LaunchScreen.storyboard */; };
		8D81136E24C09A430036D336 /* AppDelegate.swift in Sources */ = {isa = PBXBuildFile; fileRef = 8D81136D24C09A430036D336 /* AppDelegate.swift */; };
		8D81137024C09A430036D336 /* GameViewController.swift in Sources */ = {isa = PBXBuildFile; fileRef = 8D81136F24C09A430036D336 /* GameViewController.swift */; };
		8D81137324C09A430036D336 /* Main.storyboard in Resources */ = {isa = PBXBuildFile; fileRef = 8D81137124C09A430036D336 /* Main.storyboard */; };
		8D81137824C09A430036D336 /* GameScene.sks in Resources */ = {isa = PBXBuildFile; fileRef = 8D81134124C09A3D0036D336 /* GameScene.sks */; };
		8D81137924C09A430036D336 /* GameScene.sks in Resources */ = {isa = PBXBuildFile; fileRef = 8D81134124C09A3D0036D336 /* GameScene.sks */; };
		8D81137A24C09A430036D336 /* GameScene.sks in Resources */ = {isa = PBXBuildFile; fileRef = 8D81134124C09A3D0036D336 /* GameScene.sks */; };
		8D81137B24C09A430036D336 /* GameScene.swift in Sources */ = {isa = PBXBuildFile; fileRef = 8D81134224C09A3D0036D336 /* GameScene.swift */; };
		8D81137C24C09A430036D336 /* GameScene.swift in Sources */ = {isa = PBXBuildFile; fileRef = 8D81134224C09A3D0036D336 /* GameScene.swift */; };
		8D81137D24C09A430036D336 /* GameScene.swift in Sources */ = {isa = PBXBuildFile; fileRef = 8D81134224C09A3D0036D336 /* GameScene.swift */; };
		8D81137E24C09A430036D336 /* Assets.xcassets in Resources */ = {isa = PBXBuildFile; fileRef = 8D81134324C09A430036D336 /* Assets.xcassets */; };
		8D81137F24C09A430036D336 /* Assets.xcassets in Resources */ = {isa = PBXBuildFile; fileRef = 8D81134324C09A430036D336 /* Assets.xcassets */; };
		8D81138024C09A430036D336 /* Assets.xcassets in Resources */ = {isa = PBXBuildFile; fileRef = 8D81134324C09A430036D336 /* Assets.xcassets */; };
		8D81138D24C0A1E80036D336 /* MenuScene.sks in Resources */ = {isa = PBXBuildFile; fileRef = 8D81138C24C0A1E80036D336 /* MenuScene.sks */; };
		8D81138E24C0A1E80036D336 /* MenuScene.sks in Resources */ = {isa = PBXBuildFile; fileRef = 8D81138C24C0A1E80036D336 /* MenuScene.sks */; };
		8D81138F24C0A1E80036D336 /* MenuScene.sks in Resources */ = {isa = PBXBuildFile; fileRef = 8D81138C24C0A1E80036D336 /* MenuScene.sks */; };
		8D81139124C0AE950036D336 /* SceneManager.swift in Sources */ = {isa = PBXBuildFile; fileRef = 8D81139024C0AE950036D336 /* SceneManager.swift */; };
		8D81139224C0AE950036D336 /* SceneManager.swift in Sources */ = {isa = PBXBuildFile; fileRef = 8D81139024C0AE950036D336 /* SceneManager.swift */; };
		8D81139324C0AE950036D336 /* SceneManager.swift in Sources */ = {isa = PBXBuildFile; fileRef = 8D81139024C0AE950036D336 /* SceneManager.swift */; };
		8D81139524C0B0500036D336 /* MenuScene.swift in Sources */ = {isa = PBXBuildFile; fileRef = 8D81139424C0B0500036D336 /* MenuScene.swift */; };
		8D81139624C0B0500036D336 /* MenuScene.swift in Sources */ = {isa = PBXBuildFile; fileRef = 8D81139424C0B0500036D336 /* MenuScene.swift */; };
		8D81139724C0B0500036D336 /* MenuScene.swift in Sources */ = {isa = PBXBuildFile; fileRef = 8D81139424C0B0500036D336 /* MenuScene.swift */; };
		8D81139924C1CBEB0036D336 /* BaseScene.swift in Sources */ = {isa = PBXBuildFile; fileRef = 8D81139824C1CBEB0036D336 /* BaseScene.swift */; };
		8D81139A24C1CBEB0036D336 /* BaseScene.swift in Sources */ = {isa = PBXBuildFile; fileRef = 8D81139824C1CBEB0036D336 /* BaseScene.swift */; };
		8D81139B24C1CBEB0036D336 /* BaseScene.swift in Sources */ = {isa = PBXBuildFile; fileRef = 8D81139824C1CBEB0036D336 /* BaseScene.swift */; };
		8D81139D24C1EBBA0036D336 /* TextureSource.swift in Sources */ = {isa = PBXBuildFile; fileRef = 8D81139C24C1EBBA0036D336 /* TextureSource.swift */; };
		8D81139E24C1EBBA0036D336 /* TextureSource.swift in Sources */ = {isa = PBXBuildFile; fileRef = 8D81139C24C1EBBA0036D336 /* TextureSource.swift */; };
		8D81139F24C1EBBA0036D336 /* TextureSource.swift in Sources */ = {isa = PBXBuildFile; fileRef = 8D81139C24C1EBBA0036D336 /* TextureSource.swift */; };
		8D8113A324C1FB4B0036D336 /* Player.swift in Sources */ = {isa = PBXBuildFile; fileRef = 8D8113A224C1FB4B0036D336 /* Player.swift */; };
		8D8113A424C1FB4B0036D336 /* Player.swift in Sources */ = {isa = PBXBuildFile; fileRef = 8D8113A224C1FB4B0036D336 /* Player.swift */; };
		8D8113A524C1FB4B0036D336 /* Player.swift in Sources */ = {isa = PBXBuildFile; fileRef = 8D8113A224C1FB4B0036D336 /* Player.swift */; };
		8D8113A724C1FB590036D336 /* Enemy.swift in Sources */ = {isa = PBXBuildFile; fileRef = 8D8113A624C1FB590036D336 /* Enemy.swift */; };
		8D8113A824C1FB590036D336 /* Enemy.swift in Sources */ = {isa = PBXBuildFile; fileRef = 8D8113A624C1FB590036D336 /* Enemy.swift */; };
		8D8113A924C1FB590036D336 /* Enemy.swift in Sources */ = {isa = PBXBuildFile; fileRef = 8D8113A624C1FB590036D336 /* Enemy.swift */; };
		8D8113AB24C1FB770036D336 /* Level.swift in Sources */ = {isa = PBXBuildFile; fileRef = 8D8113AA24C1FB770036D336 /* Level.swift */; };
		8D8113AC24C1FB770036D336 /* Level.swift in Sources */ = {isa = PBXBuildFile; fileRef = 8D8113AA24C1FB770036D336 /* Level.swift */; };
		8D8113AF24C1FB870036D336 /* Game.swift in Sources */ = {isa = PBXBuildFile; fileRef = 8D8113AE24C1FB870036D336 /* Game.swift */; };
		8D8113B024C1FB870036D336 /* Game.swift in Sources */ = {isa = PBXBuildFile; fileRef = 8D8113AE24C1FB870036D336 /* Game.swift */; };
		8D8113B124C1FB870036D336 /* Game.swift in Sources */ = {isa = PBXBuildFile; fileRef = 8D8113AE24C1FB870036D336 /* Game.swift */; };
		8DA12E2D24FB66ED008CC56C /* Queue.swift in Sources */ = {isa = PBXBuildFile; fileRef = 8DA12E2C24FB66ED008CC56C /* Queue.swift */; };
		8DA12E2E24FB66ED008CC56C /* Queue.swift in Sources */ = {isa = PBXBuildFile; fileRef = 8DA12E2C24FB66ED008CC56C /* Queue.swift */; };
		8DA12E3224FB6833008CC56C /* Queue.swift in Sources */ = {isa = PBXBuildFile; fileRef = 8DA12E2C24FB66ED008CC56C /* Queue.swift */; };
		8DA12E6624FBDC0B008CC56C /* LevelLayout.swift in Sources */ = {isa = PBXBuildFile; fileRef = 8DBDE6D824C1FE6000A07659 /* LevelLayout.swift */; };
		8DA12E6724FD5240008CC56C /* Level.swift in Sources */ = {isa = PBXBuildFile; fileRef = 8D8113AA24C1FB770036D336 /* Level.swift */; };
		8DB0ED0C254B00670056B330 /* Explosion.swift in Sources */ = {isa = PBXBuildFile; fileRef = 8DA12E6224FBDB6D008CC56C /* Explosion.swift */; };
		8DB0ED0D254B00680056B330 /* Explosion.swift in Sources */ = {isa = PBXBuildFile; fileRef = 8DA12E6224FBDB6D008CC56C /* Explosion.swift */; };
		8DB0ED0E254B00690056B330 /* Explosion.swift in Sources */ = {isa = PBXBuildFile; fileRef = 8DA12E6224FBDB6D008CC56C /* Explosion.swift */; };
		8DB0ED13254B0BF80056B330 /* MovementStategy.swift in Sources */ = {isa = PBXBuildFile; fileRef = 8DB0ED12254B0BF80056B330 /* MovementStategy.swift */; };
		8DB0ED14254B0BF80056B330 /* MovementStategy.swift in Sources */ = {isa = PBXBuildFile; fileRef = 8DB0ED12254B0BF80056B330 /* MovementStategy.swift */; };
		8DB0ED15254B0BF80056B330 /* MovementStategy.swift in Sources */ = {isa = PBXBuildFile; fileRef = 8DB0ED12254B0BF80056B330 /* MovementStategy.swift */; };
		8DB0ED27254C70D90056B330 /* AudioPlayer.swift in Sources */ = {isa = PBXBuildFile; fileRef = 8D453EFF24F2C279009BAB30 /* AudioPlayer.swift */; };
		8DB0ED28254C70D90056B330 /* AudioPlayer.swift in Sources */ = {isa = PBXBuildFile; fileRef = 8D453EFF24F2C279009BAB30 /* AudioPlayer.swift */; };
		8DB0ED29254C70DA0056B330 /* AudioPlayer.swift in Sources */ = {isa = PBXBuildFile; fileRef = 8D453EFF24F2C279009BAB30 /* AudioPlayer.swift */; };
		8DBDE6D924C1FE6000A07659 /* LevelLayout.swift in Sources */ = {isa = PBXBuildFile; fileRef = 8DBDE6D824C1FE6000A07659 /* LevelLayout.swift */; };
		8DBDE6DA24C1FE6000A07659 /* LevelLayout.swift in Sources */ = {isa = PBXBuildFile; fileRef = 8DBDE6D824C1FE6000A07659 /* LevelLayout.swift */; };
		8DBDE6DD24C1FF6C00A07659 /* PowerUp.swift in Sources */ = {isa = PBXBuildFile; fileRef = 8DBDE6DC24C1FF6C00A07659 /* PowerUp.swift */; };
		8DBDE6DE24C1FF6C00A07659 /* PowerUp.swift in Sources */ = {isa = PBXBuildFile; fileRef = 8DBDE6DC24C1FF6C00A07659 /* PowerUp.swift */; };
		8DBDE6DF24C1FF6C00A07659 /* PowerUp.swift in Sources */ = {isa = PBXBuildFile; fileRef = 8DBDE6DC24C1FF6C00A07659 /* PowerUp.swift */; };
		8DBDE6E124C20B4800A07659 /* Input.swift in Sources */ = {isa = PBXBuildFile; fileRef = 8DBDE6E024C20B4800A07659 /* Input.swift */; };
		8DBDE6E224C20B4800A07659 /* Input.swift in Sources */ = {isa = PBXBuildFile; fileRef = 8DBDE6E024C20B4800A07659 /* Input.swift */; };
		8DBDE6E324C20B4800A07659 /* Input.swift in Sources */ = {isa = PBXBuildFile; fileRef = 8DBDE6E024C20B4800A07659 /* Input.swift */; };
		8DBDE6E524C2103B00A07659 /* Bomb.swift in Sources */ = {isa = PBXBuildFile; fileRef = 8DBDE6E424C2103B00A07659 /* Bomb.swift */; };
		8DBDE6E624C2103B00A07659 /* Bomb.swift in Sources */ = {isa = PBXBuildFile; fileRef = 8DBDE6E424C2103B00A07659 /* Bomb.swift */; };
		8DBDE6E724C2103B00A07659 /* Bomb.swift in Sources */ = {isa = PBXBuildFile; fileRef = 8DBDE6E424C2103B00A07659 /* Bomb.swift */; };
		8DBDE6E924C2BE8F00A07659 /* Entity.swift in Sources */ = {isa = PBXBuildFile; fileRef = 8DBDE6E824C2BE8F00A07659 /* Entity.swift */; };
		8DBDE6EA24C2BE8F00A07659 /* Entity.swift in Sources */ = {isa = PBXBuildFile; fileRef = 8DBDE6E824C2BE8F00A07659 /* Entity.swift */; };
		8DBDE6EB24C2BE8F00A07659 /* Entity.swift in Sources */ = {isa = PBXBuildFile; fileRef = 8DBDE6E824C2BE8F00A07659 /* Entity.swift */; };
		8DBDE6ED24C2BF5D00A07659 /* Direction.swift in Sources */ = {isa = PBXBuildFile; fileRef = 8DBDE6EC24C2BF5D00A07659 /* Direction.swift */; };
		8DBDE6EE24C2BF5D00A07659 /* Direction.swift in Sources */ = {isa = PBXBuildFile; fileRef = 8DBDE6EC24C2BF5D00A07659 /* Direction.swift */; };
		8DBDE6EF24C2BF5D00A07659 /* Direction.swift in Sources */ = {isa = PBXBuildFile; fileRef = 8DBDE6EC24C2BF5D00A07659 /* Direction.swift */; };
		8DBDE6F124C2CC1200A07659 /* CGRect+Extension.swift in Sources */ = {isa = PBXBuildFile; fileRef = 8DBDE6F024C2CC1200A07659 /* CGRect+Extension.swift */; };
		8DBDE6F224C2CC1200A07659 /* CGRect+Extension.swift in Sources */ = {isa = PBXBuildFile; fileRef = 8DBDE6F024C2CC1200A07659 /* CGRect+Extension.swift */; };
		8DBDE6F324C2CC1200A07659 /* CGRect+Extension.swift in Sources */ = {isa = PBXBuildFile; fileRef = 8DBDE6F024C2CC1200A07659 /* CGRect+Extension.swift */; };
		8DBDE6F924C31B9B00A07659 /* ExplosionArea.swift in Sources */ = {isa = PBXBuildFile; fileRef = 8DBDE6F824C31B9A00A07659 /* ExplosionArea.swift */; };
		8DBDE6FA24C31B9B00A07659 /* ExplosionArea.swift in Sources */ = {isa = PBXBuildFile; fileRef = 8DBDE6F824C31B9A00A07659 /* ExplosionArea.swift */; };
		8DBDE6FB24C31B9B00A07659 /* ExplosionArea.swift in Sources */ = {isa = PBXBuildFile; fileRef = 8DBDE6F824C31B9A00A07659 /* ExplosionArea.swift */; };
		8DBDE6FD24C31DB800A07659 /* Flame.swift in Sources */ = {isa = PBXBuildFile; fileRef = 8DBDE6FC24C31DB800A07659 /* Flame.swift */; };
		8DBDE6FE24C31DB800A07659 /* Flame.swift in Sources */ = {isa = PBXBuildFile; fileRef = 8DBDE6FC24C31DB800A07659 /* Flame.swift */; };
		8DBDE6FF24C31DB800A07659 /* Flame.swift in Sources */ = {isa = PBXBuildFile; fileRef = 8DBDE6FC24C31DB800A07659 /* Flame.swift */; };
		8DE5ED7024DFFBC80052A61E /* walkVertical.wav in Resources */ = {isa = PBXBuildFile; fileRef = 8DE5ED6E24DFFBC70052A61E /* walkVertical.wav */; };
		8DE5ED7124DFFBC80052A61E /* walkVertical.wav in Resources */ = {isa = PBXBuildFile; fileRef = 8DE5ED6E24DFFBC70052A61E /* walkVertical.wav */; };
		8DE5ED7224DFFBC80052A61E /* walkVertical.wav in Resources */ = {isa = PBXBuildFile; fileRef = 8DE5ED6E24DFFBC70052A61E /* walkVertical.wav */; };
		8DE5ED7324DFFBC80052A61E /* walkHorizontal.wav in Resources */ = {isa = PBXBuildFile; fileRef = 8DE5ED6F24DFFBC70052A61E /* walkHorizontal.wav */; };
		8DE5ED7424DFFBC80052A61E /* walkHorizontal.wav in Resources */ = {isa = PBXBuildFile; fileRef = 8DE5ED6F24DFFBC70052A61E /* walkHorizontal.wav */; };
		8DE5ED7524DFFBC80052A61E /* walkHorizontal.wav in Resources */ = {isa = PBXBuildFile; fileRef = 8DE5ED6F24DFFBC70052A61E /* walkHorizontal.wav */; };
		8DE5ED7724E03B310052A61E /* Exit.swift in Sources */ = {isa = PBXBuildFile; fileRef = 8DE5ED7624E03B310052A61E /* Exit.swift */; };
		8DE5ED7824E03B310052A61E /* Exit.swift in Sources */ = {isa = PBXBuildFile; fileRef = 8DE5ED7624E03B310052A61E /* Exit.swift */; };
		8DE5ED7924E03B310052A61E /* Exit.swift in Sources */ = {isa = PBXBuildFile; fileRef = 8DE5ED7624E03B310052A61E /* Exit.swift */; };
		8DE5ED7B24E0530E0052A61E /* stage_complete.mp3 in Resources */ = {isa = PBXBuildFile; fileRef = 8DE5ED7A24E0530E0052A61E /* stage_complete.mp3 */; };
		8DE5ED7C24E0530E0052A61E /* stage_complete.mp3 in Resources */ = {isa = PBXBuildFile; fileRef = 8DE5ED7A24E0530E0052A61E /* stage_complete.mp3 */; };
		8DE5ED7D24E0530E0052A61E /* stage_complete.mp3 in Resources */ = {isa = PBXBuildFile; fileRef = 8DE5ED7A24E0530E0052A61E /* stage_complete.mp3 */; };
		8DE5ED7F24E2E7700052A61E /* explosion.mp3 in Resources */ = {isa = PBXBuildFile; fileRef = 8DE5ED7E24E2E76F0052A61E /* explosion.mp3 */; };
		8DE5ED8024E2E7700052A61E /* explosion.mp3 in Resources */ = {isa = PBXBuildFile; fileRef = 8DE5ED7E24E2E76F0052A61E /* explosion.mp3 */; };
		8DE5ED8124E2E7700052A61E /* explosion.mp3 in Resources */ = {isa = PBXBuildFile; fileRef = 8DE5ED7E24E2E76F0052A61E /* explosion.mp3 */; };
		8DF3EFB925459B280006BCAA /* bonus_stage.mp3 in Resources */ = {isa = PBXBuildFile; fileRef = 8DF3EFB825459B280006BCAA /* bonus_stage.mp3 */; };
		8DF3EFBA25459B280006BCAA /* bonus_stage.mp3 in Resources */ = {isa = PBXBuildFile; fileRef = 8DF3EFB825459B280006BCAA /* bonus_stage.mp3 */; };
		8DF3EFBB25459B280006BCAA /* bonus_stage.mp3 in Resources */ = {isa = PBXBuildFile; fileRef = 8DF3EFB825459B280006BCAA /* bonus_stage.mp3 */; };
		9FC6FBAD293B97B8002B0147 /* title_screen.mp3 in Resources */ = {isa = PBXBuildFile; fileRef = 9FC6FBAB293B97B8002B0147 /* title_screen.mp3 */; };
		9FC6FBAE293B97B8002B0147 /* title_screen.mp3 in Resources */ = {isa = PBXBuildFile; fileRef = 9FC6FBAB293B97B8002B0147 /* title_screen.mp3 */; };
		9FC6FBAF293B97B8002B0147 /* title_screen.mp3 in Resources */ = {isa = PBXBuildFile; fileRef = 9FC6FBAB293B97B8002B0147 /* title_screen.mp3 */; };
		9FC6FBB0293B97B8002B0147 /* ending.mp3 in Resources */ = {isa = PBXBuildFile; fileRef = 9FC6FBAC293B97B8002B0147 /* ending.mp3 */; };
		9FC6FBB1293B97B8002B0147 /* ending.mp3 in Resources */ = {isa = PBXBuildFile; fileRef = 9FC6FBAC293B97B8002B0147 /* ending.mp3 */; };
		9FC6FBB2293B97B8002B0147 /* ending.mp3 in Resources */ = {isa = PBXBuildFile; fileRef = 9FC6FBAC293B97B8002B0147 /* ending.mp3 */; };
		9FC6FBB52943797C002B0147 /* GameOverScene.sks in Resources */ = {isa = PBXBuildFile; fileRef = 9FC6FBB32943797C002B0147 /* GameOverScene.sks */; };
		9FC6FBB62943797C002B0147 /* GameOverScene.sks in Resources */ = {isa = PBXBuildFile; fileRef = 9FC6FBB32943797C002B0147 /* GameOverScene.sks */; };
		9FC6FBB72943797C002B0147 /* GameOverScene.sks in Resources */ = {isa = PBXBuildFile; fileRef = 9FC6FBB32943797C002B0147 /* GameOverScene.sks */; };
		9FC6FBB82943797C002B0147 /* GameOverScene.swift in Sources */ = {isa = PBXBuildFile; fileRef = 9FC6FBB42943797C002B0147 /* GameOverScene.swift */; };
		9FC6FBB92943797C002B0147 /* GameOverScene.swift in Sources */ = {isa = PBXBuildFile; fileRef = 9FC6FBB42943797C002B0147 /* GameOverScene.swift */; };
		9FC6FBBA2943797C002B0147 /* GameOverScene.swift in Sources */ = {isa = PBXBuildFile; fileRef = 9FC6FBB42943797C002B0147 /* GameOverScene.swift */; };
		9FC6FBBC29443BA9002B0147 /* GameConfiguration.swift in Sources */ = {isa = PBXBuildFile; fileRef = 9FC6FBBB29443BA9002B0147 /* GameConfiguration.swift */; };
		9FC6FBBD29443BA9002B0147 /* GameConfiguration.swift in Sources */ = {isa = PBXBuildFile; fileRef = 9FC6FBBB29443BA9002B0147 /* GameConfiguration.swift */; };
		9FC6FBBE29443BA9002B0147 /* GameConfiguration.swift in Sources */ = {isa = PBXBuildFile; fileRef = 9FC6FBBB29443BA9002B0147 /* GameConfiguration.swift */; };
		9FC9C01F292E9AA700F51FC1 /* BonusGame.swift in Sources */ = {isa = PBXBuildFile; fileRef = 9FC9C01E292E9AA700F51FC1 /* BonusGame.swift */; };
		9FC9C020292E9AA700F51FC1 /* BonusGame.swift in Sources */ = {isa = PBXBuildFile; fileRef = 9FC9C01E292E9AA700F51FC1 /* BonusGame.swift */; };
		9FC9C021292E9AA700F51FC1 /* BonusGame.swift in Sources */ = {isa = PBXBuildFile; fileRef = 9FC9C01E292E9AA700F51FC1 /* BonusGame.swift */; };
		9FC9C023292FCEBF00F51FC1 /* SoundName.swift in Sources */ = {isa = PBXBuildFile; fileRef = 9FC9C022292FCEBF00F51FC1 /* SoundName.swift */; };
		9FC9C024292FCEBF00F51FC1 /* SoundName.swift in Sources */ = {isa = PBXBuildFile; fileRef = 9FC9C022292FCEBF00F51FC1 /* SoundName.swift */; };
		9FC9C025292FCEBF00F51FC1 /* SoundName.swift in Sources */ = {isa = PBXBuildFile; fileRef = 9FC9C022292FCEBF00F51FC1 /* SoundName.swift */; };
		9FC9C02729310A7F00F51FC1 /* WinScene.sks in Resources */ = {isa = PBXBuildFile; fileRef = 9FC9C02629310A7F00F51FC1 /* WinScene.sks */; };
		9FC9C02829310A7F00F51FC1 /* WinScene.sks in Resources */ = {isa = PBXBuildFile; fileRef = 9FC9C02629310A7F00F51FC1 /* WinScene.sks */; };
		9FC9C02929310A7F00F51FC1 /* WinScene.sks in Resources */ = {isa = PBXBuildFile; fileRef = 9FC9C02629310A7F00F51FC1 /* WinScene.sks */; };
		9FC9C02B29310BE400F51FC1 /* WinScene.swift in Sources */ = {isa = PBXBuildFile; fileRef = 9FC9C02A29310BE400F51FC1 /* WinScene.swift */; };
		9FC9C02C29310BE400F51FC1 /* WinScene.swift in Sources */ = {isa = PBXBuildFile; fileRef = 9FC9C02A29310BE400F51FC1 /* WinScene.swift */; };
		9FC9C02D29310BE400F51FC1 /* WinScene.swift in Sources */ = {isa = PBXBuildFile; fileRef = 9FC9C02A29310BE400F51FC1 /* WinScene.swift */; };
		9FC9C02F2931210100F51FC1 /* PlayerSkills.swift in Sources */ = {isa = PBXBuildFile; fileRef = 9FC9C02E2931210100F51FC1 /* PlayerSkills.swift */; };
		9FC9C0302931210100F51FC1 /* PlayerSkills.swift in Sources */ = {isa = PBXBuildFile; fileRef = 9FC9C02E2931210100F51FC1 /* PlayerSkills.swift */; };
		9FC9C0312931210100F51FC1 /* PlayerSkills.swift in Sources */ = {isa = PBXBuildFile; fileRef = 9FC9C02E2931210100F51FC1 /* PlayerSkills.swift */; };
/* End PBXBuildFile section */

/* Begin PBXFileReference section */
		8D453ED724F01202009BAB30 /* PathFinder.swift */ = {isa = PBXFileReference; lastKnownFileType = sourcecode.swift; path = PathFinder.swift; sourceTree = "<group>"; };
		8D453EDF24F27FB9009BAB30 /* Tile.swift */ = {isa = PBXFileReference; lastKnownFileType = sourcecode.swift; path = Tile.swift; sourceTree = "<group>"; };
		8D453EE324F29BBF009BAB30 /* stage_theme.mp3 */ = {isa = PBXFileReference; lastKnownFileType = audio.mp3; path = stage_theme.mp3; sourceTree = "<group>"; };
		8D453EEB24F29DFC009BAB30 /* stage_start.m4a */ = {isa = PBXFileReference; lastKnownFileType = file; path = stage_start.m4a; sourceTree = "<group>"; };
		8D453EEF24F2B0BD009BAB30 /* life_lost.m4a */ = {isa = PBXFileReference; lastKnownFileType = file; path = life_lost.m4a; sourceTree = "<group>"; };
		8D453EF024F2B0BD009BAB30 /* game_over.mp3 */ = {isa = PBXFileReference; lastKnownFileType = audio.mp3; path = game_over.mp3; sourceTree = "<group>"; };
		8D453EFF24F2C279009BAB30 /* AudioPlayer.swift */ = {isa = PBXFileReference; lastKnownFileType = sourcecode.swift; path = AudioPlayer.swift; sourceTree = "<group>"; };
		8D453F0724F2CB9D009BAB30 /* powerup.wav */ = {isa = PBXFileReference; lastKnownFileType = audio.wav; path = powerup.wav; sourceTree = "<group>"; };
		8D453F0824F2CB9D009BAB30 /* all_enemies_dead.wav */ = {isa = PBXFileReference; lastKnownFileType = audio.wav; path = all_enemies_dead.wav; sourceTree = "<group>"; };
		8D453F0F24F2CBBF009BAB30 /* music_after_powerup.mp3 */ = {isa = PBXFileReference; lastKnownFileType = audio.mp3; path = music_after_powerup.mp3; sourceTree = "<group>"; };
		8D453F1324F2D0A3009BAB30 /* place_bomb.wav */ = {isa = PBXFileReference; lastKnownFileType = audio.wav; path = place_bomb.wav; sourceTree = "<group>"; };
		8D453F1724F2D0B6009BAB30 /* player_death.wav */ = {isa = PBXFileReference; lastKnownFileType = audio.wav; path = player_death.wav; sourceTree = "<group>"; };
		8D81134124C09A3D0036D336 /* GameScene.sks */ = {isa = PBXFileReference; lastKnownFileType = file.sks; path = GameScene.sks; sourceTree = "<group>"; };
		8D81134224C09A3D0036D336 /* GameScene.swift */ = {isa = PBXFileReference; lastKnownFileType = sourcecode.swift; path = GameScene.swift; sourceTree = "<group>"; };
		8D81134324C09A430036D336 /* Assets.xcassets */ = {isa = PBXFileReference; lastKnownFileType = folder.assetcatalog; path = Assets.xcassets; sourceTree = "<group>"; };
		8D81134824C09A430036D336 /* BM.app */ = {isa = PBXFileReference; explicitFileType = wrapper.application; includeInIndex = 0; path = BM.app; sourceTree = BUILT_PRODUCTS_DIR; };
		8D81134B24C09A430036D336 /* AppDelegate.swift */ = {isa = PBXFileReference; lastKnownFileType = sourcecode.swift; path = AppDelegate.swift; sourceTree = "<group>"; };
		8D81134D24C09A430036D336 /* GameViewController.swift */ = {isa = PBXFileReference; lastKnownFileType = sourcecode.swift; path = GameViewController.swift; sourceTree = "<group>"; };
		8D81135024C09A430036D336 /* Base */ = {isa = PBXFileReference; lastKnownFileType = file.storyboard; name = Base; path = Base.lproj/Main.storyboard; sourceTree = "<group>"; };
		8D81135324C09A430036D336 /* Base */ = {isa = PBXFileReference; lastKnownFileType = file.storyboard; name = Base; path = Base.lproj/LaunchScreen.storyboard; sourceTree = "<group>"; };
		8D81135524C09A430036D336 /* Info.plist */ = {isa = PBXFileReference; lastKnownFileType = text.plist.xml; path = Info.plist; sourceTree = "<group>"; };
		8D81135A24C09A430036D336 /* BM.app */ = {isa = PBXFileReference; explicitFileType = wrapper.application; includeInIndex = 0; path = BM.app; sourceTree = BUILT_PRODUCTS_DIR; };
		8D81135C24C09A430036D336 /* AppDelegate.swift */ = {isa = PBXFileReference; lastKnownFileType = sourcecode.swift; path = AppDelegate.swift; sourceTree = "<group>"; };
		8D81135E24C09A430036D336 /* GameViewController.swift */ = {isa = PBXFileReference; lastKnownFileType = sourcecode.swift; path = GameViewController.swift; sourceTree = "<group>"; };
		8D81136124C09A430036D336 /* Base */ = {isa = PBXFileReference; lastKnownFileType = file.storyboard; name = Base; path = Base.lproj/Main.storyboard; sourceTree = "<group>"; };
		8D81136424C09A430036D336 /* Base */ = {isa = PBXFileReference; lastKnownFileType = file.storyboard; name = Base; path = Base.lproj/LaunchScreen.storyboard; sourceTree = "<group>"; };
		8D81136624C09A430036D336 /* Info.plist */ = {isa = PBXFileReference; lastKnownFileType = text.plist.xml; path = Info.plist; sourceTree = "<group>"; };
		8D81136B24C09A430036D336 /* BM.app */ = {isa = PBXFileReference; explicitFileType = wrapper.application; includeInIndex = 0; path = BM.app; sourceTree = BUILT_PRODUCTS_DIR; };
		8D81136D24C09A430036D336 /* AppDelegate.swift */ = {isa = PBXFileReference; lastKnownFileType = sourcecode.swift; path = AppDelegate.swift; sourceTree = "<group>"; };
		8D81136F24C09A430036D336 /* GameViewController.swift */ = {isa = PBXFileReference; lastKnownFileType = sourcecode.swift; path = GameViewController.swift; sourceTree = "<group>"; };
		8D81137224C09A430036D336 /* Base */ = {isa = PBXFileReference; lastKnownFileType = file.storyboard; name = Base; path = Base.lproj/Main.storyboard; sourceTree = "<group>"; };
		8D81137424C09A430036D336 /* Info.plist */ = {isa = PBXFileReference; lastKnownFileType = text.plist.xml; path = Info.plist; sourceTree = "<group>"; };
		8D81138C24C0A1E80036D336 /* MenuScene.sks */ = {isa = PBXFileReference; lastKnownFileType = file.sks; path = MenuScene.sks; sourceTree = "<group>"; };
		8D81139024C0AE950036D336 /* SceneManager.swift */ = {isa = PBXFileReference; lastKnownFileType = sourcecode.swift; path = SceneManager.swift; sourceTree = "<group>"; };
		8D81139424C0B0500036D336 /* MenuScene.swift */ = {isa = PBXFileReference; lastKnownFileType = sourcecode.swift; path = MenuScene.swift; sourceTree = "<group>"; };
		8D81139824C1CBEB0036D336 /* BaseScene.swift */ = {isa = PBXFileReference; lastKnownFileType = sourcecode.swift; path = BaseScene.swift; sourceTree = "<group>"; };
		8D81139C24C1EBBA0036D336 /* TextureSource.swift */ = {isa = PBXFileReference; lastKnownFileType = sourcecode.swift; path = TextureSource.swift; sourceTree = "<group>"; };
		8D8113A224C1FB4B0036D336 /* Player.swift */ = {isa = PBXFileReference; lastKnownFileType = sourcecode.swift; path = Player.swift; sourceTree = "<group>"; };
		8D8113A624C1FB590036D336 /* Enemy.swift */ = {isa = PBXFileReference; lastKnownFileType = sourcecode.swift; path = Enemy.swift; sourceTree = "<group>"; };
		8D8113AA24C1FB770036D336 /* Level.swift */ = {isa = PBXFileReference; lastKnownFileType = sourcecode.swift; path = Level.swift; sourceTree = "<group>"; };
		8D8113AE24C1FB870036D336 /* Game.swift */ = {isa = PBXFileReference; lastKnownFileType = sourcecode.swift; path = Game.swift; sourceTree = "<group>"; };
		8DA12E2C24FB66ED008CC56C /* Queue.swift */ = {isa = PBXFileReference; lastKnownFileType = sourcecode.swift; path = Queue.swift; sourceTree = "<group>"; };
		8DA12E6224FBDB6D008CC56C /* Explosion.swift */ = {isa = PBXFileReference; lastKnownFileType = sourcecode.swift; path = Explosion.swift; sourceTree = "<group>"; };
		8DB0ED12254B0BF80056B330 /* MovementStategy.swift */ = {isa = PBXFileReference; lastKnownFileType = sourcecode.swift; path = MovementStategy.swift; sourceTree = "<group>"; };
		8DBDE6D824C1FE6000A07659 /* LevelLayout.swift */ = {isa = PBXFileReference; lastKnownFileType = sourcecode.swift; path = LevelLayout.swift; sourceTree = "<group>"; };
		8DBDE6DC24C1FF6C00A07659 /* PowerUp.swift */ = {isa = PBXFileReference; lastKnownFileType = sourcecode.swift; path = PowerUp.swift; sourceTree = "<group>"; };
		8DBDE6E024C20B4800A07659 /* Input.swift */ = {isa = PBXFileReference; lastKnownFileType = sourcecode.swift; path = Input.swift; sourceTree = "<group>"; };
		8DBDE6E424C2103B00A07659 /* Bomb.swift */ = {isa = PBXFileReference; lastKnownFileType = sourcecode.swift; path = Bomb.swift; sourceTree = "<group>"; };
		8DBDE6E824C2BE8F00A07659 /* Entity.swift */ = {isa = PBXFileReference; lastKnownFileType = sourcecode.swift; path = Entity.swift; sourceTree = "<group>"; };
		8DBDE6EC24C2BF5D00A07659 /* Direction.swift */ = {isa = PBXFileReference; lastKnownFileType = sourcecode.swift; path = Direction.swift; sourceTree = "<group>"; };
		8DBDE6F024C2CC1200A07659 /* CGRect+Extension.swift */ = {isa = PBXFileReference; lastKnownFileType = sourcecode.swift; path = "CGRect+Extension.swift"; sourceTree = "<group>"; };
		8DBDE6F824C31B9A00A07659 /* ExplosionArea.swift */ = {isa = PBXFileReference; lastKnownFileType = sourcecode.swift; path = ExplosionArea.swift; sourceTree = "<group>"; };
		8DBDE6FC24C31DB800A07659 /* Flame.swift */ = {isa = PBXFileReference; lastKnownFileType = sourcecode.swift; path = Flame.swift; sourceTree = "<group>"; };
		8DE5ED6E24DFFBC70052A61E /* walkVertical.wav */ = {isa = PBXFileReference; lastKnownFileType = audio.wav; path = walkVertical.wav; sourceTree = "<group>"; };
		8DE5ED6F24DFFBC70052A61E /* walkHorizontal.wav */ = {isa = PBXFileReference; lastKnownFileType = audio.wav; path = walkHorizontal.wav; sourceTree = "<group>"; };
		8DE5ED7624E03B310052A61E /* Exit.swift */ = {isa = PBXFileReference; lastKnownFileType = sourcecode.swift; path = Exit.swift; sourceTree = "<group>"; };
		8DE5ED7A24E0530E0052A61E /* stage_complete.mp3 */ = {isa = PBXFileReference; lastKnownFileType = audio.mp3; path = stage_complete.mp3; sourceTree = "<group>"; };
		8DE5ED7E24E2E76F0052A61E /* explosion.mp3 */ = {isa = PBXFileReference; lastKnownFileType = audio.mp3; path = explosion.mp3; sourceTree = "<group>"; };
		8DF3EFB825459B280006BCAA /* bonus_stage.mp3 */ = {isa = PBXFileReference; lastKnownFileType = audio.mp3; path = bonus_stage.mp3; sourceTree = "<group>"; };
		9FC6FBAB293B97B8002B0147 /* title_screen.mp3 */ = {isa = PBXFileReference; lastKnownFileType = audio.mp3; path = title_screen.mp3; sourceTree = "<group>"; };
		9FC6FBAC293B97B8002B0147 /* ending.mp3 */ = {isa = PBXFileReference; lastKnownFileType = audio.mp3; path = ending.mp3; sourceTree = "<group>"; };
		9FC6FBB32943797C002B0147 /* GameOverScene.sks */ = {isa = PBXFileReference; lastKnownFileType = file.sks; path = GameOverScene.sks; sourceTree = "<group>"; };
		9FC6FBB42943797C002B0147 /* GameOverScene.swift */ = {isa = PBXFileReference; fileEncoding = 4; lastKnownFileType = sourcecode.swift; path = GameOverScene.swift; sourceTree = "<group>"; };
		9FC6FBBB29443BA9002B0147 /* GameConfiguration.swift */ = {isa = PBXFileReference; lastKnownFileType = sourcecode.swift; path = GameConfiguration.swift; sourceTree = "<group>"; };
		9FC9C01E292E9AA700F51FC1 /* BonusGame.swift */ = {isa = PBXFileReference; lastKnownFileType = sourcecode.swift; path = BonusGame.swift; sourceTree = "<group>"; };
		9FC9C022292FCEBF00F51FC1 /* SoundName.swift */ = {isa = PBXFileReference; lastKnownFileType = sourcecode.swift; path = SoundName.swift; sourceTree = "<group>"; };
		9FC9C02629310A7F00F51FC1 /* WinScene.sks */ = {isa = PBXFileReference; lastKnownFileType = file.sks; path = WinScene.sks; sourceTree = "<group>"; };
		9FC9C02A29310BE400F51FC1 /* WinScene.swift */ = {isa = PBXFileReference; fileEncoding = 4; lastKnownFileType = sourcecode.swift; path = WinScene.swift; sourceTree = "<group>"; };
		9FC9C02E2931210100F51FC1 /* PlayerSkills.swift */ = {isa = PBXFileReference; lastKnownFileType = sourcecode.swift; path = PlayerSkills.swift; sourceTree = "<group>"; };
/* End PBXFileReference section */

/* Begin PBXFrameworksBuildPhase section */
		8D81134524C09A430036D336 /* Frameworks */ = {
			isa = PBXFrameworksBuildPhase;
			buildActionMask = 2147483647;
			files = (
			);
			runOnlyForDeploymentPostprocessing = 0;
		};
		8D81135724C09A430036D336 /* Frameworks */ = {
			isa = PBXFrameworksBuildPhase;
			buildActionMask = 2147483647;
			files = (
			);
			runOnlyForDeploymentPostprocessing = 0;
		};
		8D81136824C09A430036D336 /* Frameworks */ = {
			isa = PBXFrameworksBuildPhase;
			buildActionMask = 2147483647;
			files = (
			);
			runOnlyForDeploymentPostprocessing = 0;
		};
/* End PBXFrameworksBuildPhase section */

/* Begin PBXGroup section */
		8D81133A24C09A3D0036D336 = {
			isa = PBXGroup;
			children = (
				8D81133F24C09A3D0036D336 /* BM Shared */,
				8D81136C24C09A430036D336 /* BM macOS */,
				8D81134A24C09A430036D336 /* BM iOS */,
				8D81135B24C09A430036D336 /* BM tvOS */,
				8D81134924C09A430036D336 /* Products */,
			);
			sourceTree = "<group>";
		};
		8D81133F24C09A3D0036D336 /* BM Shared */ = {
			isa = PBXGroup;
			children = (
				9FC9C01D292E9A9200F51FC1 /* Game */,
				8DA12E3124FB670A008CC56C /* Level */,
				8DA12E3024FB66F6008CC56C /* Misc */,
				8DE5ED6D24DFFB350052A61E /* Audio */,
				8D8113A124C1FB320036D336 /* Scenes */,
				8D8113A024C1FB290036D336 /* Entities */,
				8D81139C24C1EBBA0036D336 /* TextureSource.swift */,
				8DBDE6E024C20B4800A07659 /* Input.swift */,
				8DBDE6EC24C2BF5D00A07659 /* Direction.swift */,
				8D453ED724F01202009BAB30 /* PathFinder.swift */,
				8DBDE6F024C2CC1200A07659 /* CGRect+Extension.swift */,
				8D453EDF24F27FB9009BAB30 /* Tile.swift */,
				8D453EFF24F2C279009BAB30 /* AudioPlayer.swift */,
				8D81134324C09A430036D336 /* Assets.xcassets */,
			);
			path = "BM Shared";
			sourceTree = "<group>";
		};
		8D81134924C09A430036D336 /* Products */ = {
			isa = PBXGroup;
			children = (
				8D81134824C09A430036D336 /* BM.app */,
				8D81135A24C09A430036D336 /* BM.app */,
				8D81136B24C09A430036D336 /* BM.app */,
			);
			name = Products;
			sourceTree = "<group>";
		};
		8D81134A24C09A430036D336 /* BM iOS */ = {
			isa = PBXGroup;
			children = (
				8D81134B24C09A430036D336 /* AppDelegate.swift */,
				8D81134D24C09A430036D336 /* GameViewController.swift */,
				8D81134F24C09A430036D336 /* Main.storyboard */,
				8D81135224C09A430036D336 /* LaunchScreen.storyboard */,
				8D81135524C09A430036D336 /* Info.plist */,
			);
			path = "BM iOS";
			sourceTree = "<group>";
		};
		8D81135B24C09A430036D336 /* BM tvOS */ = {
			isa = PBXGroup;
			children = (
				8D81135C24C09A430036D336 /* AppDelegate.swift */,
				8D81135E24C09A430036D336 /* GameViewController.swift */,
				8D81136024C09A430036D336 /* Main.storyboard */,
				8D81136324C09A430036D336 /* LaunchScreen.storyboard */,
				8D81136624C09A430036D336 /* Info.plist */,
			);
			path = "BM tvOS";
			sourceTree = "<group>";
		};
		8D81136C24C09A430036D336 /* BM macOS */ = {
			isa = PBXGroup;
			children = (
				8D81136D24C09A430036D336 /* AppDelegate.swift */,
				8D81136F24C09A430036D336 /* GameViewController.swift */,
				8D81137124C09A430036D336 /* Main.storyboard */,
				8D81137424C09A430036D336 /* Info.plist */,
			);
			path = "BM macOS";
			sourceTree = "<group>";
		};
		8D8113A024C1FB290036D336 /* Entities */ = {
			isa = PBXGroup;
			children = (
				9FC6FBAA293B746D002B0147 /* Enemy */,
				8DA12E6224FBDB6D008CC56C /* Explosion.swift */,
				8DBDE6FC24C31DB800A07659 /* Flame.swift */,
				8DBDE6E824C2BE8F00A07659 /* Entity.swift */,
				8D8113A224C1FB4B0036D336 /* Player.swift */,
				8DBDE6DC24C1FF6C00A07659 /* PowerUp.swift */,
				8DBDE6E424C2103B00A07659 /* Bomb.swift */,
				8DE5ED7624E03B310052A61E /* Exit.swift */,
				9FC9C02E2931210100F51FC1 /* PlayerSkills.swift */,
			);
			path = Entities;
			sourceTree = "<group>";
		};
		8D8113A124C1FB320036D336 /* Scenes */ = {
			isa = PBXGroup;
			children = (
				9FC6FBB32943797C002B0147 /* GameOverScene.sks */,
				9FC6FBB42943797C002B0147 /* GameOverScene.swift */,
				8D81139024C0AE950036D336 /* SceneManager.swift */,
				9FC9C02A29310BE400F51FC1 /* WinScene.swift */,
				9FC9C02629310A7F00F51FC1 /* WinScene.sks */,
				8D81139824C1CBEB0036D336 /* BaseScene.swift */,
				8D81134224C09A3D0036D336 /* GameScene.swift */,
				8D81134124C09A3D0036D336 /* GameScene.sks */,
				8D81138C24C0A1E80036D336 /* MenuScene.sks */,
				8D81139424C0B0500036D336 /* MenuScene.swift */,
			);
			path = Scenes;
			sourceTree = "<group>";
		};
		8DA12E3024FB66F6008CC56C /* Misc */ = {
			isa = PBXGroup;
			children = (
				8DA12E2C24FB66ED008CC56C /* Queue.swift */,
				9FC9C022292FCEBF00F51FC1 /* SoundName.swift */,
			);
			path = Misc;
			sourceTree = "<group>";
		};
		8DA12E3124FB670A008CC56C /* Level */ = {
			isa = PBXGroup;
			children = (
				8DA12E6024FBDB3C008CC56C /* Explosion */,
				8DBDE6D824C1FE6000A07659 /* LevelLayout.swift */,
				8D8113AA24C1FB770036D336 /* Level.swift */,
			);
			path = Level;
			sourceTree = "<group>";
		};
		8DA12E6024FBDB3C008CC56C /* Explosion */ = {
			isa = PBXGroup;
			children = (
				8DBDE6F824C31B9A00A07659 /* ExplosionArea.swift */,
			);
			path = Explosion;
			sourceTree = "<group>";
		};
		8DE5ED6D24DFFB350052A61E /* Audio */ = {
			isa = PBXGroup;
			children = (
				9FC6FBAC293B97B8002B0147 /* ending.mp3 */,
				9FC6FBAB293B97B8002B0147 /* title_screen.mp3 */,
				8DF3EFB825459B280006BCAA /* bonus_stage.mp3 */,
				8DE5ED6F24DFFBC70052A61E /* walkHorizontal.wav */,
				8DE5ED7E24E2E76F0052A61E /* explosion.mp3 */,
				8D453EEF24F2B0BD009BAB30 /* life_lost.m4a */,
				8D453F1324F2D0A3009BAB30 /* place_bomb.wav */,
				8D453EF024F2B0BD009BAB30 /* game_over.mp3 */,
				8D453F0F24F2CBBF009BAB30 /* music_after_powerup.mp3 */,
				8D453EE324F29BBF009BAB30 /* stage_theme.mp3 */,
				8D453F0824F2CB9D009BAB30 /* all_enemies_dead.wav */,
				8D453F1724F2D0B6009BAB30 /* player_death.wav */,
				8D453F0724F2CB9D009BAB30 /* powerup.wav */,
				8D453EEB24F29DFC009BAB30 /* stage_start.m4a */,
				8DE5ED7A24E0530E0052A61E /* stage_complete.mp3 */,
				8DE5ED6E24DFFBC70052A61E /* walkVertical.wav */,
			);
			path = Audio;
			sourceTree = "<group>";
		};
		9FC6FBAA293B746D002B0147 /* Enemy */ = {
			isa = PBXGroup;
			children = (
				8D8113A624C1FB590036D336 /* Enemy.swift */,
				8DB0ED12254B0BF80056B330 /* MovementStategy.swift */,
			);
			path = Enemy;
			sourceTree = "<group>";
		};
		9FC9C01D292E9A9200F51FC1 /* Game */ = {
			isa = PBXGroup;
			children = (
				8D8113AE24C1FB870036D336 /* Game.swift */,
				9FC9C01E292E9AA700F51FC1 /* BonusGame.swift */,
				9FC6FBBB29443BA9002B0147 /* GameConfiguration.swift */,
			);
			path = Game;
			sourceTree = "<group>";
		};
/* End PBXGroup section */

/* Begin PBXNativeTarget section */
		8D81134724C09A430036D336 /* BM iOS */ = {
			isa = PBXNativeTarget;
			buildConfigurationList = 8D81138324C09A430036D336 /* Build configuration list for PBXNativeTarget "BM iOS" */;
			buildPhases = (
				8D81134424C09A430036D336 /* Sources */,
				8D81134524C09A430036D336 /* Frameworks */,
				8D81134624C09A430036D336 /* Resources */,
			);
			buildRules = (
			);
			dependencies = (
			);
			name = "BM iOS";
			productName = "BM iOS";
			productReference = 8D81134824C09A430036D336 /* BM.app */;
			productType = "com.apple.product-type.application";
		};
		8D81135924C09A430036D336 /* BM tvOS */ = {
			isa = PBXNativeTarget;
			buildConfigurationList = 8D81138624C09A430036D336 /* Build configuration list for PBXNativeTarget "BM tvOS" */;
			buildPhases = (
				8D81135624C09A430036D336 /* Sources */,
				8D81135724C09A430036D336 /* Frameworks */,
				8D81135824C09A430036D336 /* Resources */,
			);
			buildRules = (
			);
			dependencies = (
			);
			name = "BM tvOS";
			productName = "BM tvOS";
			productReference = 8D81135A24C09A430036D336 /* BM.app */;
			productType = "com.apple.product-type.application";
		};
		8D81136A24C09A430036D336 /* BM macOS */ = {
			isa = PBXNativeTarget;
			buildConfigurationList = 8D81138924C09A430036D336 /* Build configuration list for PBXNativeTarget "BM macOS" */;
			buildPhases = (
				8D81136724C09A430036D336 /* Sources */,
				9FB4B8E02949FF8C004CBD39 /* ShellScript */,
				8D81136824C09A430036D336 /* Frameworks */,
				8D81136924C09A430036D336 /* Resources */,
			);
			buildRules = (
			);
			dependencies = (
			);
			name = "BM macOS";
			productName = "BM macOS";
			productReference = 8D81136B24C09A430036D336 /* BM.app */;
			productType = "com.apple.product-type.application";
		};
/* End PBXNativeTarget section */

/* Begin PBXProject section */
		8D81133B24C09A3D0036D336 /* Project object */ = {
			isa = PBXProject;
			attributes = {
				LastSwiftUpdateCheck = 1140;
				LastUpgradeCheck = 1140;
				ORGANIZATIONNAME = AK;
				TargetAttributes = {
					8D81134724C09A430036D336 = {
						CreatedOnToolsVersion = 11.4.1;
					};
					8D81135924C09A430036D336 = {
						CreatedOnToolsVersion = 11.4.1;
					};
					8D81136A24C09A430036D336 = {
						CreatedOnToolsVersion = 11.4.1;
					};
				};
			};
			buildConfigurationList = 8D81133E24C09A3D0036D336 /* Build configuration list for PBXProject "BM" */;
			compatibilityVersion = "Xcode 9.3";
			developmentRegion = en;
			hasScannedForEncodings = 0;
			knownRegions = (
				en,
				Base,
			);
			mainGroup = 8D81133A24C09A3D0036D336;
			productRefGroup = 8D81134924C09A430036D336 /* Products */;
			projectDirPath = "";
			projectRoot = "";
			targets = (
				8D81134724C09A430036D336 /* BM iOS */,
				8D81135924C09A430036D336 /* BM tvOS */,
				8D81136A24C09A430036D336 /* BM macOS */,
			);
		};
/* End PBXProject section */

/* Begin PBXResourcesBuildPhase section */
		8D81134624C09A430036D336 /* Resources */ = {
			isa = PBXResourcesBuildPhase;
			buildActionMask = 2147483647;
			files = (
				8D81137824C09A430036D336 /* GameScene.sks in Resources */,
				8D81135124C09A430036D336 /* Main.storyboard in Resources */,
				8D81138D24C0A1E80036D336 /* MenuScene.sks in Resources */,
				8D453EF424F2B0BD009BAB30 /* game_over.mp3 in Resources */,
				9FC6FBAD293B97B8002B0147 /* title_screen.mp3 in Resources */,
				8DE5ED7324DFFBC80052A61E /* walkHorizontal.wav in Resources */,
				8DF3EFB925459B280006BCAA /* bonus_stage.mp3 in Resources */,
				8DE5ED7B24E0530E0052A61E /* stage_complete.mp3 in Resources */,
				9FC9C02729310A7F00F51FC1 /* WinScene.sks in Resources */,
				8DE5ED7F24E2E7700052A61E /* explosion.mp3 in Resources */,
				8D453EF124F2B0BD009BAB30 /* life_lost.m4a in Resources */,
				8D453F1824F2D0B6009BAB30 /* player_death.wav in Resources */,
				8D453EEC24F29DFD009BAB30 /* stage_start.m4a in Resources */,
				8DE5ED7024DFFBC80052A61E /* walkVertical.wav in Resources */,
				9FC6FBB52943797C002B0147 /* GameOverScene.sks in Resources */,
				8D453F1424F2D0A3009BAB30 /* place_bomb.wav in Resources */,
				8D453F0C24F2CB9D009BAB30 /* all_enemies_dead.wav in Resources */,
				8D453EE524F29BC0009BAB30 /* stage_theme.mp3 in Resources */,
				8D81135424C09A430036D336 /* LaunchScreen.storyboard in Resources */,
				8D453F1024F2CBBF009BAB30 /* music_after_powerup.mp3 in Resources */,
				8D81137E24C09A430036D336 /* Assets.xcassets in Resources */,
				8D453F0924F2CB9D009BAB30 /* powerup.wav in Resources */,
				9FC6FBB0293B97B8002B0147 /* ending.mp3 in Resources */,
			);
			runOnlyForDeploymentPostprocessing = 0;
		};
		8D81135824C09A430036D336 /* Resources */ = {
			isa = PBXResourcesBuildPhase;
			buildActionMask = 2147483647;
			files = (
				8D81137924C09A430036D336 /* GameScene.sks in Resources */,
				8D81136224C09A430036D336 /* Main.storyboard in Resources */,
				8D81138E24C0A1E80036D336 /* MenuScene.sks in Resources */,
				8D453EF524F2B0BD009BAB30 /* game_over.mp3 in Resources */,
				9FC6FBAE293B97B8002B0147 /* title_screen.mp3 in Resources */,
				8DE5ED7424DFFBC80052A61E /* walkHorizontal.wav in Resources */,
				8DF3EFBA25459B280006BCAA /* bonus_stage.mp3 in Resources */,
				8DE5ED7C24E0530E0052A61E /* stage_complete.mp3 in Resources */,
				9FC9C02829310A7F00F51FC1 /* WinScene.sks in Resources */,
				8DE5ED8024E2E7700052A61E /* explosion.mp3 in Resources */,
				8D453EF224F2B0BD009BAB30 /* life_lost.m4a in Resources */,
				8D453F1924F2D0B6009BAB30 /* player_death.wav in Resources */,
				8D453EED24F29DFD009BAB30 /* stage_start.m4a in Resources */,
				8DE5ED7124DFFBC80052A61E /* walkVertical.wav in Resources */,
				9FC6FBB62943797C002B0147 /* GameOverScene.sks in Resources */,
				8D453F1524F2D0A3009BAB30 /* place_bomb.wav in Resources */,
				8D453F0D24F2CB9D009BAB30 /* all_enemies_dead.wav in Resources */,
				8D453EE624F29BC0009BAB30 /* stage_theme.mp3 in Resources */,
				8D81136524C09A430036D336 /* LaunchScreen.storyboard in Resources */,
				8D453F1124F2CBBF009BAB30 /* music_after_powerup.mp3 in Resources */,
				8D81137F24C09A430036D336 /* Assets.xcassets in Resources */,
				8D453F0A24F2CB9D009BAB30 /* powerup.wav in Resources */,
				9FC6FBB1293B97B8002B0147 /* ending.mp3 in Resources */,
			);
			runOnlyForDeploymentPostprocessing = 0;
		};
		8D81136924C09A430036D336 /* Resources */ = {
			isa = PBXResourcesBuildPhase;
			buildActionMask = 2147483647;
			files = (
				8D81137324C09A430036D336 /* Main.storyboard in Resources */,
				8D453F1A24F2D0B6009BAB30 /* player_death.wav in Resources */,
				8D81137A24C09A430036D336 /* GameScene.sks in Resources */,
				8D453EEE24F29DFD009BAB30 /* stage_start.m4a in Resources */,
				8DE5ED8124E2E7700052A61E /* explosion.mp3 in Resources */,
				8D81138024C09A430036D336 /* Assets.xcassets in Resources */,
				8D81138F24C0A1E80036D336 /* MenuScene.sks in Resources */,
				9FC6FBAF293B97B8002B0147 /* title_screen.mp3 in Resources */,
				8DE5ED7D24E0530E0052A61E /* stage_complete.mp3 in Resources */,
				8D453F0B24F2CB9D009BAB30 /* powerup.wav in Resources */,
				8D453F1224F2CBBF009BAB30 /* music_after_powerup.mp3 in Resources */,
				8DE5ED7224DFFBC80052A61E /* walkVertical.wav in Resources */,
				8D453F0E24F2CB9D009BAB30 /* all_enemies_dead.wav in Resources */,
				8DE5ED7524DFFBC80052A61E /* walkHorizontal.wav in Resources */,
				8D453EF624F2B0BD009BAB30 /* game_over.mp3 in Resources */,
				8D453EF324F2B0BD009BAB30 /* life_lost.m4a in Resources */,
				8DF3EFBB25459B280006BCAA /* bonus_stage.mp3 in Resources */,
				9FC6FBB2293B97B8002B0147 /* ending.mp3 in Resources */,
				8D453F1624F2D0A3009BAB30 /* place_bomb.wav in Resources */,
				8D453EE724F29BC0009BAB30 /* stage_theme.mp3 in Resources */,
				9FC6FBB72943797C002B0147 /* GameOverScene.sks in Resources */,
				9FC9C02929310A7F00F51FC1 /* WinScene.sks in Resources */,
			);
			runOnlyForDeploymentPostprocessing = 0;
		};
/* End PBXResourcesBuildPhase section */

/* Begin PBXShellScriptBuildPhase section */
		9FB4B8E02949FF8C004CBD39 /* ShellScript */ = {
			isa = PBXShellScriptBuildPhase;
			alwaysOutOfDate = 1;
			buildActionMask = 2147483647;
			files = (
			);
			inputFileListPaths = (
			);
			inputPaths = (
			);
			outputFileListPaths = (
			);
			outputPaths = (
			);
			runOnlyForDeploymentPostprocessing = 0;
			shellPath = /bin/sh;
			shellScript = "export PATH=\"$PATH:/opt/homebrew/bin\"\nif which swiftlint > /dev/null; then\n  swiftlint\nelse\n  echo \"warning: SwiftLint not installed, download from https://github.com/realm/SwiftLint\"\nfi\n";
		};
/* End PBXShellScriptBuildPhase section */

/* Begin PBXSourcesBuildPhase section */
		8D81134424C09A430036D336 /* Sources */ = {
			isa = PBXSourcesBuildPhase;
			buildActionMask = 2147483647;
			files = (
				8D81137B24C09A430036D336 /* GameScene.swift in Sources */,
				8DE5ED7724E03B310052A61E /* Exit.swift in Sources */,
				8D81139924C1CBEB0036D336 /* BaseScene.swift in Sources */,
				8D453EE024F27FB9009BAB30 /* Tile.swift in Sources */,
				8D81134E24C09A430036D336 /* GameViewController.swift in Sources */,
				8D81139524C0B0500036D336 /* MenuScene.swift in Sources */,
				8DBDE6E924C2BE8F00A07659 /* Entity.swift in Sources */,
				8D8113A324C1FB4B0036D336 /* Player.swift in Sources */,
				9FC9C02B29310BE400F51FC1 /* WinScene.swift in Sources */,
				8D8113A724C1FB590036D336 /* Enemy.swift in Sources */,
				8DBDE6ED24C2BF5D00A07659 /* Direction.swift in Sources */,
				9FC9C02F2931210100F51FC1 /* PlayerSkills.swift in Sources */,
				9FC9C023292FCEBF00F51FC1 /* SoundName.swift in Sources */,
				8DBDE6D924C1FE6000A07659 /* LevelLayout.swift in Sources */,
				8DBDE6F124C2CC1200A07659 /* CGRect+Extension.swift in Sources */,
				8D453ED824F01202009BAB30 /* PathFinder.swift in Sources */,
				8DB0ED0E254B00690056B330 /* Explosion.swift in Sources */,
				8D8113AF24C1FB870036D336 /* Game.swift in Sources */,
				9FC6FBB82943797C002B0147 /* GameOverScene.swift in Sources */,
				8DA12E2D24FB66ED008CC56C /* Queue.swift in Sources */,
				8DBDE6E524C2103B00A07659 /* Bomb.swift in Sources */,
				8D81139124C0AE950036D336 /* SceneManager.swift in Sources */,
				8DBDE6DD24C1FF6C00A07659 /* PowerUp.swift in Sources */,
				8DB0ED13254B0BF80056B330 /* MovementStategy.swift in Sources */,
				8D81134C24C09A430036D336 /* AppDelegate.swift in Sources */,
				9FC6FBBC29443BA9002B0147 /* GameConfiguration.swift in Sources */,
				8DB0ED29254C70DA0056B330 /* AudioPlayer.swift in Sources */,
				8DBDE6FD24C31DB800A07659 /* Flame.swift in Sources */,
				8DBDE6F924C31B9B00A07659 /* ExplosionArea.swift in Sources */,
				8DBDE6E124C20B4800A07659 /* Input.swift in Sources */,
				8D8113AB24C1FB770036D336 /* Level.swift in Sources */,
				9FC9C01F292E9AA700F51FC1 /* BonusGame.swift in Sources */,
				8D81139D24C1EBBA0036D336 /* TextureSource.swift in Sources */,
			);
			runOnlyForDeploymentPostprocessing = 0;
		};
		8D81135624C09A430036D336 /* Sources */ = {
			isa = PBXSourcesBuildPhase;
			buildActionMask = 2147483647;
			files = (
				8DB0ED14254B0BF80056B330 /* MovementStategy.swift in Sources */,
				8D81137C24C09A430036D336 /* GameScene.swift in Sources */,
				8DE5ED7824E03B310052A61E /* Exit.swift in Sources */,
				8D81139A24C1CBEB0036D336 /* BaseScene.swift in Sources */,
				8DB0ED0D254B00680056B330 /* Explosion.swift in Sources */,
				8D453EE124F27FB9009BAB30 /* Tile.swift in Sources */,
				8D81135F24C09A430036D336 /* GameViewController.swift in Sources */,
				8D81139624C0B0500036D336 /* MenuScene.swift in Sources */,
				8DBDE6EA24C2BE8F00A07659 /* Entity.swift in Sources */,
				8D8113A424C1FB4B0036D336 /* Player.swift in Sources */,
				8D8113A824C1FB590036D336 /* Enemy.swift in Sources */,
				8DBDE6EE24C2BF5D00A07659 /* Direction.swift in Sources */,
				9FC9C024292FCEBF00F51FC1 /* SoundName.swift in Sources */,
				8DBDE6DA24C1FE6000A07659 /* LevelLayout.swift in Sources */,
				8DBDE6F224C2CC1200A07659 /* CGRect+Extension.swift in Sources */,
				8D453ED924F01202009BAB30 /* PathFinder.swift in Sources */,
				8D8113B024C1FB870036D336 /* Game.swift in Sources */,
				8DBDE6E624C2103B00A07659 /* Bomb.swift in Sources */,
				9FC6FBB92943797C002B0147 /* GameOverScene.swift in Sources */,
				8D81139224C0AE950036D336 /* SceneManager.swift in Sources */,
				8DA12E2E24FB66ED008CC56C /* Queue.swift in Sources */,
				8DBDE6DE24C1FF6C00A07659 /* PowerUp.swift in Sources */,
				9FC9C02C29310BE400F51FC1 /* WinScene.swift in Sources */,
				8D81135D24C09A430036D336 /* AppDelegate.swift in Sources */,
				8DBDE6FE24C31DB800A07659 /* Flame.swift in Sources */,
				9FC6FBBD29443BA9002B0147 /* GameConfiguration.swift in Sources */,
				8DBDE6FA24C31B9B00A07659 /* ExplosionArea.swift in Sources */,
				8DBDE6E224C20B4800A07659 /* Input.swift in Sources */,
				8D8113AC24C1FB770036D336 /* Level.swift in Sources */,
				8D81139E24C1EBBA0036D336 /* TextureSource.swift in Sources */,
				9FC9C0302931210100F51FC1 /* PlayerSkills.swift in Sources */,
				8DB0ED28254C70D90056B330 /* AudioPlayer.swift in Sources */,
				9FC9C020292E9AA700F51FC1 /* BonusGame.swift in Sources */,
			);
			runOnlyForDeploymentPostprocessing = 0;
		};
		8D81136724C09A430036D336 /* Sources */ = {
			isa = PBXSourcesBuildPhase;
			buildActionMask = 2147483647;
			files = (
				8DB0ED15254B0BF80056B330 /* MovementStategy.swift in Sources */,
				8D81137D24C09A430036D336 /* GameScene.swift in Sources */,
				8DE5ED7924E03B310052A61E /* Exit.swift in Sources */,
				8DA12E6724FD5240008CC56C /* Level.swift in Sources */,
				8DB0ED0C254B00670056B330 /* Explosion.swift in Sources */,
				8D81139B24C1CBEB0036D336 /* BaseScene.swift in Sources */,
				8D453EE224F27FB9009BAB30 /* Tile.swift in Sources */,
				8DA12E6624FBDC0B008CC56C /* LevelLayout.swift in Sources */,
				8D81137024C09A430036D336 /* GameViewController.swift in Sources */,
				8D81139724C0B0500036D336 /* MenuScene.swift in Sources */,
				8DBDE6EB24C2BE8F00A07659 /* Entity.swift in Sources */,
				8D8113A524C1FB4B0036D336 /* Player.swift in Sources */,
				9FC9C025292FCEBF00F51FC1 /* SoundName.swift in Sources */,
				8D8113A924C1FB590036D336 /* Enemy.swift in Sources */,
				8DBDE6EF24C2BF5D00A07659 /* Direction.swift in Sources */,
				8DBDE6F324C2CC1200A07659 /* CGRect+Extension.swift in Sources */,
				8D453EDA24F01202009BAB30 /* PathFinder.swift in Sources */,
				8D8113B124C1FB870036D336 /* Game.swift in Sources */,
				9FC6FBBA2943797C002B0147 /* GameOverScene.swift in Sources */,
				8DBDE6E724C2103B00A07659 /* Bomb.swift in Sources */,
				8D81139324C0AE950036D336 /* SceneManager.swift in Sources */,
				8DA12E3224FB6833008CC56C /* Queue.swift in Sources */,
				9FC9C02D29310BE400F51FC1 /* WinScene.swift in Sources */,
				8DBDE6DF24C1FF6C00A07659 /* PowerUp.swift in Sources */,
				8D81136E24C09A430036D336 /* AppDelegate.swift in Sources */,
				9FC6FBBE29443BA9002B0147 /* GameConfiguration.swift in Sources */,
				8DBDE6FF24C31DB800A07659 /* Flame.swift in Sources */,
				8DBDE6FB24C31B9B00A07659 /* ExplosionArea.swift in Sources */,
				8DBDE6E324C20B4800A07659 /* Input.swift in Sources */,
				8D81139F24C1EBBA0036D336 /* TextureSource.swift in Sources */,
				9FC9C0312931210100F51FC1 /* PlayerSkills.swift in Sources */,
				8DB0ED27254C70D90056B330 /* AudioPlayer.swift in Sources */,
				9FC9C021292E9AA700F51FC1 /* BonusGame.swift in Sources */,
			);
			runOnlyForDeploymentPostprocessing = 0;
		};
/* End PBXSourcesBuildPhase section */

/* Begin PBXVariantGroup section */
		8D81134F24C09A430036D336 /* Main.storyboard */ = {
			isa = PBXVariantGroup;
			children = (
				8D81135024C09A430036D336 /* Base */,
			);
			name = Main.storyboard;
			sourceTree = "<group>";
		};
		8D81135224C09A430036D336 /* LaunchScreen.storyboard */ = {
			isa = PBXVariantGroup;
			children = (
				8D81135324C09A430036D336 /* Base */,
			);
			name = LaunchScreen.storyboard;
			sourceTree = "<group>";
		};
		8D81136024C09A430036D336 /* Main.storyboard */ = {
			isa = PBXVariantGroup;
			children = (
				8D81136124C09A430036D336 /* Base */,
			);
			name = Main.storyboard;
			sourceTree = "<group>";
		};
		8D81136324C09A430036D336 /* LaunchScreen.storyboard */ = {
			isa = PBXVariantGroup;
			children = (
				8D81136424C09A430036D336 /* Base */,
			);
			name = LaunchScreen.storyboard;
			sourceTree = "<group>";
		};
		8D81137124C09A430036D336 /* Main.storyboard */ = {
			isa = PBXVariantGroup;
			children = (
				8D81137224C09A430036D336 /* Base */,
			);
			name = Main.storyboard;
			sourceTree = "<group>";
		};
/* End PBXVariantGroup section */

/* Begin XCBuildConfiguration section */
		8D81138124C09A430036D336 /* Debug */ = {
			isa = XCBuildConfiguration;
			buildSettings = {
				ALWAYS_SEARCH_USER_PATHS = NO;
				CLANG_ANALYZER_NONNULL = YES;
				CLANG_ANALYZER_NUMBER_OBJECT_CONVERSION = YES_AGGRESSIVE;
				CLANG_CXX_LANGUAGE_STANDARD = "gnu++14";
				CLANG_CXX_LIBRARY = "libc++";
				CLANG_ENABLE_MODULES = YES;
				CLANG_ENABLE_OBJC_ARC = YES;
				CLANG_ENABLE_OBJC_WEAK = YES;
				CLANG_WARN_BLOCK_CAPTURE_AUTORELEASING = YES;
				CLANG_WARN_BOOL_CONVERSION = YES;
				CLANG_WARN_COMMA = YES;
				CLANG_WARN_CONSTANT_CONVERSION = YES;
				CLANG_WARN_DEPRECATED_OBJC_IMPLEMENTATIONS = YES;
				CLANG_WARN_DIRECT_OBJC_ISA_USAGE = YES_ERROR;
				CLANG_WARN_DOCUMENTATION_COMMENTS = YES;
				CLANG_WARN_EMPTY_BODY = YES;
				CLANG_WARN_ENUM_CONVERSION = YES;
				CLANG_WARN_INFINITE_RECURSION = YES;
				CLANG_WARN_INT_CONVERSION = YES;
				CLANG_WARN_NON_LITERAL_NULL_CONVERSION = YES;
				CLANG_WARN_OBJC_IMPLICIT_RETAIN_SELF = YES;
				CLANG_WARN_OBJC_LITERAL_CONVERSION = YES;
				CLANG_WARN_OBJC_ROOT_CLASS = YES_ERROR;
				CLANG_WARN_RANGE_LOOP_ANALYSIS = YES;
				CLANG_WARN_STRICT_PROTOTYPES = YES;
				CLANG_WARN_SUSPICIOUS_MOVE = YES;
				CLANG_WARN_UNGUARDED_AVAILABILITY = YES_AGGRESSIVE;
				CLANG_WARN_UNREACHABLE_CODE = YES;
				CLANG_WARN__DUPLICATE_METHOD_MATCH = YES;
				COPY_PHASE_STRIP = NO;
				DEBUG_INFORMATION_FORMAT = dwarf;
				ENABLE_STRICT_OBJC_MSGSEND = YES;
				ENABLE_TESTABILITY = YES;
				GCC_C_LANGUAGE_STANDARD = gnu11;
				GCC_DYNAMIC_NO_PIC = NO;
				GCC_NO_COMMON_BLOCKS = YES;
				GCC_OPTIMIZATION_LEVEL = 0;
				GCC_PREPROCESSOR_DEFINITIONS = (
					"DEBUG=1",
					"$(inherited)",
				);
				GCC_WARN_64_TO_32_BIT_CONVERSION = YES;
				GCC_WARN_ABOUT_RETURN_TYPE = YES_ERROR;
				GCC_WARN_UNDECLARED_SELECTOR = YES;
				GCC_WARN_UNINITIALIZED_AUTOS = YES_AGGRESSIVE;
				GCC_WARN_UNUSED_FUNCTION = YES;
				GCC_WARN_UNUSED_VARIABLE = YES;
				MTL_ENABLE_DEBUG_INFO = INCLUDE_SOURCE;
				MTL_FAST_MATH = YES;
				ONLY_ACTIVE_ARCH = YES;
				SWIFT_ACTIVE_COMPILATION_CONDITIONS = DEBUG;
				SWIFT_OPTIMIZATION_LEVEL = "-Onone";
			};
			name = Debug;
		};
		8D81138224C09A430036D336 /* Release */ = {
			isa = XCBuildConfiguration;
			buildSettings = {
				ALWAYS_SEARCH_USER_PATHS = NO;
				CLANG_ANALYZER_NONNULL = YES;
				CLANG_ANALYZER_NUMBER_OBJECT_CONVERSION = YES_AGGRESSIVE;
				CLANG_CXX_LANGUAGE_STANDARD = "gnu++14";
				CLANG_CXX_LIBRARY = "libc++";
				CLANG_ENABLE_MODULES = YES;
				CLANG_ENABLE_OBJC_ARC = YES;
				CLANG_ENABLE_OBJC_WEAK = YES;
				CLANG_WARN_BLOCK_CAPTURE_AUTORELEASING = YES;
				CLANG_WARN_BOOL_CONVERSION = YES;
				CLANG_WARN_COMMA = YES;
				CLANG_WARN_CONSTANT_CONVERSION = YES;
				CLANG_WARN_DEPRECATED_OBJC_IMPLEMENTATIONS = YES;
				CLANG_WARN_DIRECT_OBJC_ISA_USAGE = YES_ERROR;
				CLANG_WARN_DOCUMENTATION_COMMENTS = YES;
				CLANG_WARN_EMPTY_BODY = YES;
				CLANG_WARN_ENUM_CONVERSION = YES;
				CLANG_WARN_INFINITE_RECURSION = YES;
				CLANG_WARN_INT_CONVERSION = YES;
				CLANG_WARN_NON_LITERAL_NULL_CONVERSION = YES;
				CLANG_WARN_OBJC_IMPLICIT_RETAIN_SELF = YES;
				CLANG_WARN_OBJC_LITERAL_CONVERSION = YES;
				CLANG_WARN_OBJC_ROOT_CLASS = YES_ERROR;
				CLANG_WARN_RANGE_LOOP_ANALYSIS = YES;
				CLANG_WARN_STRICT_PROTOTYPES = YES;
				CLANG_WARN_SUSPICIOUS_MOVE = YES;
				CLANG_WARN_UNGUARDED_AVAILABILITY = YES_AGGRESSIVE;
				CLANG_WARN_UNREACHABLE_CODE = YES;
				CLANG_WARN__DUPLICATE_METHOD_MATCH = YES;
				COPY_PHASE_STRIP = NO;
				DEBUG_INFORMATION_FORMAT = "dwarf-with-dsym";
				ENABLE_NS_ASSERTIONS = NO;
				ENABLE_STRICT_OBJC_MSGSEND = YES;
				GCC_C_LANGUAGE_STANDARD = gnu11;
				GCC_NO_COMMON_BLOCKS = YES;
				GCC_WARN_64_TO_32_BIT_CONVERSION = YES;
				GCC_WARN_ABOUT_RETURN_TYPE = YES_ERROR;
				GCC_WARN_UNDECLARED_SELECTOR = YES;
				GCC_WARN_UNINITIALIZED_AUTOS = YES_AGGRESSIVE;
				GCC_WARN_UNUSED_FUNCTION = YES;
				GCC_WARN_UNUSED_VARIABLE = YES;
				MTL_ENABLE_DEBUG_INFO = NO;
				MTL_FAST_MATH = YES;
				SWIFT_COMPILATION_MODE = wholemodule;
				SWIFT_OPTIMIZATION_LEVEL = "-O";
			};
			name = Release;
		};
		8D81138424C09A430036D336 /* Debug */ = {
			isa = XCBuildConfiguration;
			buildSettings = {
				ASSETCATALOG_COMPILER_APPICON_NAME = AppIcon;
				CODE_SIGN_IDENTITY = "Apple Development";
				CODE_SIGN_STYLE = Automatic;
				DEVELOPMENT_TEAM = 26VK5H7N9F;
				INFOPLIST_FILE = "BM iOS/Info.plist";
				IPHONEOS_DEPLOYMENT_TARGET = 12.0;
				LD_RUNPATH_SEARCH_PATHS = (
					"$(inherited)",
					"@executable_path/Frameworks",
				);
				PRODUCT_BUNDLE_IDENTIFIER = ak.BM;
				PRODUCT_NAME = BM;
				PROVISIONING_PROFILE_SPECIFIER = "";
				SDKROOT = iphoneos;
				SWIFT_VERSION = 5.0;
				TARGETED_DEVICE_FAMILY = "1,2";
			};
			name = Debug;
		};
		8D81138524C09A430036D336 /* Release */ = {
			isa = XCBuildConfiguration;
			buildSettings = {
				ASSETCATALOG_COMPILER_APPICON_NAME = AppIcon;
				CODE_SIGN_IDENTITY = "Apple Development";
				CODE_SIGN_STYLE = Automatic;
				DEVELOPMENT_TEAM = 26VK5H7N9F;
				INFOPLIST_FILE = "BM iOS/Info.plist";
				IPHONEOS_DEPLOYMENT_TARGET = 12.0;
				LD_RUNPATH_SEARCH_PATHS = (
					"$(inherited)",
					"@executable_path/Frameworks",
				);
				PRODUCT_BUNDLE_IDENTIFIER = ak.BM;
				PRODUCT_NAME = BM;
				PROVISIONING_PROFILE_SPECIFIER = "";
				SDKROOT = iphoneos;
				SWIFT_VERSION = 5.0;
				TARGETED_DEVICE_FAMILY = "1,2";
				VALIDATE_PRODUCT = YES;
			};
			name = Release;
		};
		8D81138724C09A430036D336 /* Debug */ = {
			isa = XCBuildConfiguration;
			buildSettings = {
				ASSETCATALOG_COMPILER_APPICON_NAME = "tvOS App Icon & Top Shelf Image";
				CODE_SIGN_STYLE = Automatic;
				INFOPLIST_FILE = "BM tvOS/Info.plist";
				LD_RUNPATH_SEARCH_PATHS = (
					"$(inherited)",
					"@executable_path/Frameworks",
				);
				PRODUCT_BUNDLE_IDENTIFIER = ak.BM;
				PRODUCT_NAME = BM;
				SDKROOT = appletvos;
				SWIFT_VERSION = 5.0;
				TARGETED_DEVICE_FAMILY = 3;
				TVOS_DEPLOYMENT_TARGET = 13.4;
			};
			name = Debug;
		};
		8D81138824C09A430036D336 /* Release */ = {
			isa = XCBuildConfiguration;
			buildSettings = {
				ASSETCATALOG_COMPILER_APPICON_NAME = "tvOS App Icon & Top Shelf Image";
				CODE_SIGN_STYLE = Automatic;
				INFOPLIST_FILE = "BM tvOS/Info.plist";
				LD_RUNPATH_SEARCH_PATHS = (
					"$(inherited)",
					"@executable_path/Frameworks",
				);
				PRODUCT_BUNDLE_IDENTIFIER = ak.BM;
				PRODUCT_NAME = BM;
				SDKROOT = appletvos;
				SWIFT_VERSION = 5.0;
				TARGETED_DEVICE_FAMILY = 3;
				TVOS_DEPLOYMENT_TARGET = 13.4;
				VALIDATE_PRODUCT = YES;
			};
			name = Release;
		};
		8D81138A24C09A430036D336 /* Debug */ = {
			isa = XCBuildConfiguration;
			buildSettings = {
				ASSETCATALOG_COMPILER_APPICON_NAME = AppIcon;
				CODE_SIGN_STYLE = Automatic;
				COMBINE_HIDPI_IMAGES = YES;
				INFOPLIST_FILE = "BM macOS/Info.plist";
				LD_RUNPATH_SEARCH_PATHS = (
					"$(inherited)",
					"@executable_path/../Frameworks",
				);
				MACOSX_DEPLOYMENT_TARGET = 10.15;
				PRODUCT_BUNDLE_IDENTIFIER = ak.BM;
				PRODUCT_NAME = BM;
				SDKROOT = macosx;
				SWIFT_VERSION = 5.0;
			};
			name = Debug;
		};
		8D81138B24C09A430036D336 /* Release */ = {
			isa = XCBuildConfiguration;
			buildSettings = {
				ASSETCATALOG_COMPILER_APPICON_NAME = AppIcon;
				CODE_SIGN_STYLE = Automatic;
				COMBINE_HIDPI_IMAGES = YES;
				INFOPLIST_FILE = "BM macOS/Info.plist";
				LD_RUNPATH_SEARCH_PATHS = (
					"$(inherited)",
					"@executable_path/../Frameworks",
				);
				MACOSX_DEPLOYMENT_TARGET = 10.15;
				PRODUCT_BUNDLE_IDENTIFIER = ak.BM;
				PRODUCT_NAME = BM;
				SDKROOT = macosx;
				SWIFT_VERSION = 5.0;
			};
			name = Release;
		};
/* End XCBuildConfiguration section */

/* Begin XCConfigurationList section */
		8D81133E24C09A3D0036D336 /* Build configuration list for PBXProject "BM" */ = {
			isa = XCConfigurationList;
			buildConfigurations = (
				8D81138124C09A430036D336 /* Debug */,
				8D81138224C09A430036D336 /* Release */,
			);
			defaultConfigurationIsVisible = 0;
			defaultConfigurationName = Release;
		};
		8D81138324C09A430036D336 /* Build configuration list for PBXNativeTarget "BM iOS" */ = {
			isa = XCConfigurationList;
			buildConfigurations = (
				8D81138424C09A430036D336 /* Debug */,
				8D81138524C09A430036D336 /* Release */,
			);
			defaultConfigurationIsVisible = 0;
			defaultConfigurationName = Release;
		};
		8D81138624C09A430036D336 /* Build configuration list for PBXNativeTarget "BM tvOS" */ = {
			isa = XCConfigurationList;
			buildConfigurations = (
				8D81138724C09A430036D336 /* Debug */,
				8D81138824C09A430036D336 /* Release */,
			);
			defaultConfigurationIsVisible = 0;
			defaultConfigurationName = Release;
		};
		8D81138924C09A430036D336 /* Build configuration list for PBXNativeTarget "BM macOS" */ = {
			isa = XCConfigurationList;
			buildConfigurations = (
				8D81138A24C09A430036D336 /* Debug */,
				8D81138B24C09A430036D336 /* Release */,
			);
			defaultConfigurationIsVisible = 0;
			defaultConfigurationName = Release;
		};
/* End XCConfigurationList section */
	};
	rootObject = 8D81133B24C09A3D0036D336 /* Project object */;
}
